PODS:
  - CocoaMQTT (2.1.6):
    - CocoaMQTT/Core (= 2.1.6)
  - CocoaMQTT/Core (2.1.6):
    - MqttCocoaAsyncSocket (~> 1.0.8)
  - MqttCocoaAsyncSocket (1.0.8)

DEPENDENCIES:
  - CocoaMQTT (= 2.1.6)

SPEC REPOS:
  trunk:
    - CocoaMQTT
    - MqttCocoaAsyncSocket

SPEC CHECKSUMS:
  CocoaMQTT: 1f206228b29318eabdacad0c2e4e88575922c27a
  MqttCocoaAsyncSocket: 77d3b74f76228dd5a05d1f9526eab101d415b30c

PODFILE CHECKSUM: 6b101bad67af63ca8925d4c2cbe31702747d984d

COCOAPODS: 1.16.2
