// !$*UTF8*$!
{
	archiveVersion = 1;
	classes = {
	};
	objectVersion = 77;
	objects = {

/* Begin PBXBuildFile section */
		82198817E63344A3D518F61D /* Pods_Sttptech_energy.framework in Frameworks */ = {isa = PBXBuildFile; fileRef = A16E9249CAB9EA2532E79A72 /* Pods_Sttptech_energy.framework */; };
		DF8703E1E9190F61D33CC2E0 /* Pods_Sttptech_energyTests.framework in Frameworks */ = {isa = PBXBuildFile; fileRef = 999126F87E1C8B6FF09880B2 /* Pods_Sttptech_energyTests.framework */; };
		F5B89074A93502EAA1953D90 /* Pods_Sttptech_energy_Sttptech_energyUITests.framework in Frameworks */ = {isa = PBXBuildFile; fileRef = A635269E64CF4AB5073D6689 /* Pods_Sttptech_energy_Sttptech_energyUITests.framework */; };
/* End PBXBuildFile section */

/* Begin PBXContainerItemProxy section */
		AB719F3A2D366373006DD1C0 /* PBXContainerItemProxy */ = {
			isa = PBXContainerItemProxy;
			containerPortal = AB719F212D36636E006DD1C0 /* Project object */;
			proxyType = 1;
			remoteGlobalIDString = AB719F282D36636E006DD1C0;
			remoteInfo = Sttptech_energy;
		};
		AB719F442D366373006DD1C0 /* PBXContainerItemProxy */ = {
			isa = PBXContainerItemProxy;
			containerPortal = AB719F212D36636E006DD1C0 /* Project object */;
			proxyType = 1;
			remoteGlobalIDString = AB719F282D36636E006DD1C0;
			remoteInfo = Sttptech_energy;
		};
/* End PBXContainerItemProxy section */

/* Begin PBXFileReference section */
		615CC581ADFCC3F10CEBAC74 /* Pods-Sttptech_energy.release.xcconfig */ = {isa = PBXFileReference; includeInIndex = 1; lastKnownFileType = text.xcconfig; name = "Pods-Sttptech_energy.release.xcconfig"; path = "Target Support Files/Pods-Sttptech_energy/Pods-Sttptech_energy.release.xcconfig"; sourceTree = "<group>"; };
		81BC52F8AEABE1EE10E0ED6F /* Pods-Sttptech_energy.debug.xcconfig */ = {isa = PBXFileReference; includeInIndex = 1; lastKnownFileType = text.xcconfig; name = "Pods-Sttptech_energy.debug.xcconfig"; path = "Target Support Files/Pods-Sttptech_energy/Pods-Sttptech_energy.debug.xcconfig"; sourceTree = "<group>"; };
		8587082825B5D7806506EB17 /* Pods-Sttptech_energy-Sttptech_energyUITests.debug.xcconfig */ = {isa = PBXFileReference; includeInIndex = 1; lastKnownFileType = text.xcconfig; name = "Pods-Sttptech_energy-Sttptech_energyUITests.debug.xcconfig"; path = "Target Support Files/Pods-Sttptech_energy-Sttptech_energyUITests/Pods-Sttptech_energy-Sttptech_energyUITests.debug.xcconfig"; sourceTree = "<group>"; };
		999126F87E1C8B6FF09880B2 /* Pods_Sttptech_energyTests.framework */ = {isa = PBXFileReference; explicitFileType = wrapper.framework; includeInIndex = 0; path = Pods_Sttptech_energyTests.framework; sourceTree = BUILT_PRODUCTS_DIR; };
		A16E9249CAB9EA2532E79A72 /* Pods_Sttptech_energy.framework */ = {isa = PBXFileReference; explicitFileType = wrapper.framework; includeInIndex = 0; path = Pods_Sttptech_energy.framework; sourceTree = BUILT_PRODUCTS_DIR; };
		A635269E64CF4AB5073D6689 /* Pods_Sttptech_energy_Sttptech_energyUITests.framework */ = {isa = PBXFileReference; explicitFileType = wrapper.framework; includeInIndex = 0; path = Pods_Sttptech_energy_Sttptech_energyUITests.framework; sourceTree = BUILT_PRODUCTS_DIR; };
		AB719F292D36636E006DD1C0 /* Sttptech_energy.app */ = {isa = PBXFileReference; explicitFileType = wrapper.application; includeInIndex = 0; path = Sttptech_energy.app; sourceTree = BUILT_PRODUCTS_DIR; };
		AB719F392D366373006DD1C0 /* Sttptech_energyTests.xctest */ = {isa = PBXFileReference; explicitFileType = wrapper.cfbundle; includeInIndex = 0; path = Sttptech_energyTests.xctest; sourceTree = BUILT_PRODUCTS_DIR; };
		AB719F432D366373006DD1C0 /* Sttptech_energyUITests.xctest */ = {isa = PBXFileReference; explicitFileType = wrapper.cfbundle; includeInIndex = 0; path = Sttptech_energyUITests.xctest; sourceTree = BUILT_PRODUCTS_DIR; };
		D79F2254AFA8E37A0A4B9A8D /* Pods-Sttptech_energyTests.release.xcconfig */ = {isa = PBXFileReference; includeInIndex = 1; lastKnownFileType = text.xcconfig; name = "Pods-Sttptech_energyTests.release.xcconfig"; path = "Target Support Files/Pods-Sttptech_energyTests/Pods-Sttptech_energyTests.release.xcconfig"; sourceTree = "<group>"; };
		D9F4941D2741FA341A8F90A9 /* Pods-Sttptech_energyTests.debug.xcconfig */ = {isa = PBXFileReference; includeInIndex = 1; lastKnownFileType = text.xcconfig; name = "Pods-Sttptech_energyTests.debug.xcconfig"; path = "Target Support Files/Pods-Sttptech_energyTests/Pods-Sttptech_energyTests.debug.xcconfig"; sourceTree = "<group>"; };
		ECE89BE5585E4C53AF985F05 /* Pods-Sttptech_energy-Sttptech_energyUITests.release.xcconfig */ = {isa = PBXFileReference; includeInIndex = 1; lastKnownFileType = text.xcconfig; name = "Pods-Sttptech_energy-Sttptech_energyUITests.release.xcconfig"; path = "Target Support Files/Pods-Sttptech_energy-Sttptech_energyUITests/Pods-Sttptech_energy-Sttptech_energyUITests.release.xcconfig"; sourceTree = "<group>"; };
/* End PBXFileReference section */

/* Begin PBXFileSystemSynchronizedBuildFileExceptionSet section */
		4E1362702DA7C70200CD275A /* Exceptions for "Sttptech_energy" folder in "Sttptech_energy" target */ = {
			isa = PBXFileSystemSynchronizedBuildFileExceptionSet;
			membershipExceptions = (
				"Device/[Discard]QRCodeScannerView",
			);
			target = AB719F282D36636E006DD1C0 /* Sttptech_energy */;
		};
/* End PBXFileSystemSynchronizedBuildFileExceptionSet section */

/* Begin PBXFileSystemSynchronizedGroupBuildPhaseMembershipExceptionSet section */
		4E1362712DA7C70200CD275A /* Exceptions for "Sttptech_energy" folder in "Compile Sources" phase from "Sttptech_energy" target */ = {
			isa = PBXFileSystemSynchronizedGroupBuildPhaseMembershipExceptionSet;
			buildPhase = AB719F252D36636E006DD1C0 /* Sources */;
			membershipExceptions = (
				"Device/[Discard]QRCodeScannerView",
			);
		};
/* End PBXFileSystemSynchronizedGroupBuildPhaseMembershipExceptionSet section */

/* Begin PBXFileSystemSynchronizedRootGroup section */
		AB719F2B2D36636E006DD1C0 /* Sttptech_energy */ = {
			isa = PBXFileSystemSynchronizedRootGroup;
			exceptions = (
				4E1362702DA7C70200CD275A /* Exceptions for "Sttptech_energy" folder in "Sttptech_energy" target */,
				4E1362712DA7C70200CD275A /* Exceptions for "Sttptech_energy" folder in "Compile Sources" phase from "Sttptech_energy" target */,
			);
			path = Sttptech_energy;
			sourceTree = "<group>";
		};
		AB719F3C2D366373006DD1C0 /* Sttptech_energyTests */ = {
			isa = PBXFileSystemSynchronizedRootGroup;
			path = Sttptech_energyTests;
			sourceTree = "<group>";
		};
		AB719F462D366373006DD1C0 /* Sttptech_energyUITests */ = {
			isa = PBXFileSystemSynchronizedRootGroup;
			path = Sttptech_energyUITests;
			sourceTree = "<group>";
		};
/* End PBXFileSystemSynchronizedRootGroup section */

/* Begin PBXFrameworksBuildPhase section */
		AB719F262D36636E006DD1C0 /* Frameworks */ = {
			isa = PBXFrameworksBuildPhase;
			buildActionMask = 2147483647;
			files = (
				82198817E63344A3D518F61D /* Pods_Sttptech_energy.framework in Frameworks */,
			);
			runOnlyForDeploymentPostprocessing = 0;
		};
		AB719F362D366373006DD1C0 /* Frameworks */ = {
			isa = PBXFrameworksBuildPhase;
			buildActionMask = 2147483647;
			files = (
				DF8703E1E9190F61D33CC2E0 /* Pods_Sttptech_energyTests.framework in Frameworks */,
			);
			runOnlyForDeploymentPostprocessing = 0;
		};
		AB719F402D366373006DD1C0 /* Frameworks */ = {
			isa = PBXFrameworksBuildPhase;
			buildActionMask = 2147483647;
			files = (
				F5B89074A93502EAA1953D90 /* Pods_Sttptech_energy_Sttptech_energyUITests.framework in Frameworks */,
			);
			runOnlyForDeploymentPostprocessing = 0;
		};
/* End PBXFrameworksBuildPhase section */

/* Begin PBXGroup section */
		981793B9ADAF93A57A6C53BF /* Frameworks */ = {
			isa = PBXGroup;
			children = (
				A16E9249CAB9EA2532E79A72 /* Pods_Sttptech_energy.framework */,
				A635269E64CF4AB5073D6689 /* Pods_Sttptech_energy_Sttptech_energyUITests.framework */,
				999126F87E1C8B6FF09880B2 /* Pods_Sttptech_energyTests.framework */,
			);
			name = Frameworks;
			sourceTree = "<group>";
		};
		A35ACBF675F122344354474C /* Pods */ = {
			isa = PBXGroup;
			children = (
				81BC52F8AEABE1EE10E0ED6F /* Pods-Sttptech_energy.debug.xcconfig */,
				615CC581ADFCC3F10CEBAC74 /* Pods-Sttptech_energy.release.xcconfig */,
				8587082825B5D7806506EB17 /* Pods-Sttptech_energy-Sttptech_energyUITests.debug.xcconfig */,
				ECE89BE5585E4C53AF985F05 /* Pods-Sttptech_energy-Sttptech_energyUITests.release.xcconfig */,
				D9F4941D2741FA341A8F90A9 /* Pods-Sttptech_energyTests.debug.xcconfig */,
				D79F2254AFA8E37A0A4B9A8D /* Pods-Sttptech_energyTests.release.xcconfig */,
			);
			path = Pods;
			sourceTree = "<group>";
		};
		AB719F202D36636E006DD1C0 = {
			isa = PBXGroup;
			children = (
				AB719F2B2D36636E006DD1C0 /* Sttptech_energy */,
				AB719F3C2D366373006DD1C0 /* Sttptech_energyTests */,
				AB719F462D366373006DD1C0 /* Sttptech_energyUITests */,
				AB719F2A2D36636E006DD1C0 /* Products */,
				A35ACBF675F122344354474C /* Pods */,
				981793B9ADAF93A57A6C53BF /* Frameworks */,
			);
			sourceTree = "<group>";
		};
		AB719F2A2D36636E006DD1C0 /* Products */ = {
			isa = PBXGroup;
			children = (
				AB719F292D36636E006DD1C0 /* Sttptech_energy.app */,
				AB719F392D366373006DD1C0 /* Sttptech_energyTests.xctest */,
				AB719F432D366373006DD1C0 /* Sttptech_energyUITests.xctest */,
			);
			name = Products;
			sourceTree = "<group>";
		};
/* End PBXGroup section */

/* Begin PBXNativeTarget section */
		AB719F282D36636E006DD1C0 /* Sttptech_energy */ = {
			isa = PBXNativeTarget;
			buildConfigurationList = AB719F4D2D366373006DD1C0 /* Build configuration list for PBXNativeTarget "Sttptech_energy" */;
			buildPhases = (
				F96BA8BA960A5908E31117DB /* [CP] Check Pods Manifest.lock */,
				AB719F252D36636E006DD1C0 /* Sources */,
				AB719F262D36636E006DD1C0 /* Frameworks */,
				AB719F272D36636E006DD1C0 /* Resources */,
			);
			buildRules = (
			);
			dependencies = (
			);
			fileSystemSynchronizedGroups = (
				AB719F2B2D36636E006DD1C0 /* Sttptech_energy */,
			);
			name = Sttptech_energy;
			productName = Sttptech_energy;
			productReference = AB719F292D36636E006DD1C0 /* Sttptech_energy.app */;
			productType = "com.apple.product-type.application";
		};
		AB719F382D366373006DD1C0 /* Sttptech_energyTests */ = {
			isa = PBXNativeTarget;
			buildConfigurationList = AB719F502D366373006DD1C0 /* Build configuration list for PBXNativeTarget "Sttptech_energyTests" */;
			buildPhases = (
				841E063BC305B68CCC58AE03 /* [CP] Check Pods Manifest.lock */,
				AB719F352D366373006DD1C0 /* Sources */,
				AB719F362D366373006DD1C0 /* Frameworks */,
				AB719F372D366373006DD1C0 /* Resources */,
			);
			buildRules = (
			);
			dependencies = (
				AB719F3B2D366373006DD1C0 /* PBXTargetDependency */,
			);
			fileSystemSynchronizedGroups = (
				AB719F3C2D366373006DD1C0 /* Sttptech_energyTests */,
			);
			name = Sttptech_energyTests;
			productName = Sttptech_energyTests;
			productReference = AB719F392D366373006DD1C0 /* Sttptech_energyTests.xctest */;
			productType = "com.apple.product-type.bundle.unit-test";
		};
		AB719F422D366373006DD1C0 /* Sttptech_energyUITests */ = {
			isa = PBXNativeTarget;
			buildConfigurationList = AB719F532D366373006DD1C0 /* Build configuration list for PBXNativeTarget "Sttptech_energyUITests" */;
			buildPhases = (
				80B3BE82B506EFA1D3DE69B0 /* [CP] Check Pods Manifest.lock */,
				AB719F3F2D366373006DD1C0 /* Sources */,
				AB719F402D366373006DD1C0 /* Frameworks */,
				AB719F412D366373006DD1C0 /* Resources */,
			);
			buildRules = (
			);
			dependencies = (
				AB719F452D366373006DD1C0 /* PBXTargetDependency */,
			);
			fileSystemSynchronizedGroups = (
				AB719F462D366373006DD1C0 /* Sttptech_energyUITests */,
			);
			name = Sttptech_energyUITests;
			productName = Sttptech_energyUITests;
			productReference = AB719F432D366373006DD1C0 /* Sttptech_energyUITests.xctest */;
			productType = "com.apple.product-type.bundle.ui-testing";
		};
/* End PBXNativeTarget section */

/* Begin PBXProject section */
		AB719F212D36636E006DD1C0 /* Project object */ = {
			isa = PBXProject;
			attributes = {
				BuildIndependentTargetsInParallel = 1;
				LastSwiftUpdateCheck = 1620;
				LastUpgradeCheck = 1620;
				TargetAttributes = {
					AB719F282D36636E006DD1C0 = {
						CreatedOnToolsVersion = 16.2;
					};
					AB719F382D366373006DD1C0 = {
						CreatedOnToolsVersion = 16.2;
						TestTargetID = AB719F282D36636E006DD1C0;
					};
					AB719F422D366373006DD1C0 = {
						CreatedOnToolsVersion = 16.2;
						TestTargetID = AB719F282D36636E006DD1C0;
					};
				};
			};
			buildConfigurationList = AB719F242D36636E006DD1C0 /* Build configuration list for PBXProject "Sttptech_energy" */;
			developmentRegion = en;
			hasScannedForEncodings = 0;
			knownRegions = (
				en,
				Base,
			);
			mainGroup = AB719F202D36636E006DD1C0;
			minimizedProjectReferenceProxies = 1;
			preferredProjectObjectVersion = 77;
			productRefGroup = AB719F2A2D36636E006DD1C0 /* Products */;
			projectDirPath = "";
			projectRoot = "";
			targets = (
				AB719F282D36636E006DD1C0 /* Sttptech_energy */,
				AB719F382D366373006DD1C0 /* Sttptech_energyTests */,
				AB719F422D366373006DD1C0 /* Sttptech_energyUITests */,
			);
		};
/* End PBXProject section */

/* Begin PBXResourcesBuildPhase section */
		AB719F272D36636E006DD1C0 /* Resources */ = {
			isa = PBXResourcesBuildPhase;
			buildActionMask = 2147483647;
			files = (
			);
			runOnlyForDeploymentPostprocessing = 0;
		};
		AB719F372D366373006DD1C0 /* Resources */ = {
			isa = PBXResourcesBuildPhase;
			buildActionMask = 2147483647;
			files = (
			);
			runOnlyForDeploymentPostprocessing = 0;
		};
		AB719F412D366373006DD1C0 /* Resources */ = {
			isa = PBXResourcesBuildPhase;
			buildActionMask = 2147483647;
			files = (
			);
			runOnlyForDeploymentPostprocessing = 0;
		};
/* End PBXResourcesBuildPhase section */

/* Begin PBXShellScriptBuildPhase section */
		80B3BE82B506EFA1D3DE69B0 /* [CP] Check Pods Manifest.lock */ = {
			isa = PBXShellScriptBuildPhase;
			buildActionMask = 2147483647;
			files = (
			);
			inputFileListPaths = (
			);
			inputPaths = (
				"${PODS_PODFILE_DIR_PATH}/Podfile.lock",
				"${PODS_ROOT}/Manifest.lock",
			);
			name = "[CP] Check Pods Manifest.lock";
			outputFileListPaths = (
			);
			outputPaths = (
				"$(DERIVED_FILE_DIR)/Pods-Sttptech_energy-Sttptech_energyUITests-checkManifestLockResult.txt",
			);
			runOnlyForDeploymentPostprocessing = 0;
			shellPath = /bin/sh;
			shellScript = "diff \"${PODS_PODFILE_DIR_PATH}/Podfile.lock\" \"${PODS_ROOT}/Manifest.lock\" > /dev/null\nif [ $? != 0 ] ; then\n    # print error to STDERR\n    echo \"error: The sandbox is not in sync with the Podfile.lock. Run 'pod install' or update your CocoaPods installation.\" >&2\n    exit 1\nfi\n# This output is used by Xcode 'outputs' to avoid re-running this script phase.\necho \"SUCCESS\" > \"${SCRIPT_OUTPUT_FILE_0}\"\n";
			showEnvVarsInLog = 0;
		};
		841E063BC305B68CCC58AE03 /* [CP] Check Pods Manifest.lock */ = {
			isa = PBXShellScriptBuildPhase;
			buildActionMask = 2147483647;
			files = (
			);
			inputFileListPaths = (
			);
			inputPaths = (
				"${PODS_PODFILE_DIR_PATH}/Podfile.lock",
				"${PODS_ROOT}/Manifest.lock",
			);
			name = "[CP] Check Pods Manifest.lock";
			outputFileListPaths = (
			);
			outputPaths = (
				"$(DERIVED_FILE_DIR)/Pods-Sttptech_energyTests-checkManifestLockResult.txt",
			);
			runOnlyForDeploymentPostprocessing = 0;
			shellPath = /bin/sh;
			shellScript = "diff \"${PODS_PODFILE_DIR_PATH}/Podfile.lock\" \"${PODS_ROOT}/Manifest.lock\" > /dev/null\nif [ $? != 0 ] ; then\n    # print error to STDERR\n    echo \"error: The sandbox is not in sync with the Podfile.lock. Run 'pod install' or update your CocoaPods installation.\" >&2\n    exit 1\nfi\n# This output is used by Xcode 'outputs' to avoid re-running this script phase.\necho \"SUCCESS\" > \"${SCRIPT_OUTPUT_FILE_0}\"\n";
			showEnvVarsInLog = 0;
		};
		F96BA8BA960A5908E31117DB /* [CP] Check Pods Manifest.lock */ = {
			isa = PBXShellScriptBuildPhase;
			buildActionMask = 2147483647;
			files = (
			);
			inputFileListPaths = (
			);
			inputPaths = (
				"${PODS_PODFILE_DIR_PATH}/Podfile.lock",
				"${PODS_ROOT}/Manifest.lock",
			);
			name = "[CP] Check Pods Manifest.lock";
			outputFileListPaths = (
			);
			outputPaths = (
				"$(DERIVED_FILE_DIR)/Pods-Sttptech_energy-checkManifestLockResult.txt",
			);
			runOnlyForDeploymentPostprocessing = 0;
			shellPath = /bin/sh;
			shellScript = "diff \"${PODS_PODFILE_DIR_PATH}/Podfile.lock\" \"${PODS_ROOT}/Manifest.lock\" > /dev/null\nif [ $? != 0 ] ; then\n    # print error to STDERR\n    echo \"error: The sandbox is not in sync with the Podfile.lock. Run 'pod install' or update your CocoaPods installation.\" >&2\n    exit 1\nfi\n# This output is used by Xcode 'outputs' to avoid re-running this script phase.\necho \"SUCCESS\" > \"${SCRIPT_OUTPUT_FILE_0}\"\n";
			showEnvVarsInLog = 0;
		};
/* End PBXShellScriptBuildPhase section */

/* Begin PBXSourcesBuildPhase section */
		AB719F252D36636E006DD1C0 /* Sources */ = {
			isa = PBXSourcesBuildPhase;
			buildActionMask = 2147483647;
			files = (
			);
			runOnlyForDeploymentPostprocessing = 0;
		};
		AB719F352D366373006DD1C0 /* Sources */ = {
			isa = PBXSourcesBuildPhase;
			buildActionMask = 2147483647;
			files = (
			);
			runOnlyForDeploymentPostprocessing = 0;
		};
		AB719F3F2D366373006DD1C0 /* Sources */ = {
			isa = PBXSourcesBuildPhase;
			buildActionMask = 2147483647;
			files = (
			);
			runOnlyForDeploymentPostprocessing = 0;
		};
/* End PBXSourcesBuildPhase section */

/* Begin PBXTargetDependency section */
		AB719F3B2D366373006DD1C0 /* PBXTargetDependency */ = {
			isa = PBXTargetDependency;
			target = AB719F282D36636E006DD1C0 /* Sttptech_energy */;
			targetProxy = AB719F3A2D366373006DD1C0 /* PBXContainerItemProxy */;
		};
		AB719F452D366373006DD1C0 /* PBXTargetDependency */ = {
			isa = PBXTargetDependency;
			target = AB719F282D36636E006DD1C0 /* Sttptech_energy */;
			targetProxy = AB719F442D366373006DD1C0 /* PBXContainerItemProxy */;
		};
/* End PBXTargetDependency section */

/* Begin XCBuildConfiguration section */
		AB719F4B2D366373006DD1C0 /* Debug */ = {
			isa = XCBuildConfiguration;
			buildSettings = {
				ALWAYS_SEARCH_USER_PATHS = NO;
				ASSETCATALOG_COMPILER_GENERATE_SWIFT_ASSET_SYMBOL_EXTENSIONS = YES;
				CLANG_ANALYZER_NONNULL = YES;
				CLANG_ANALYZER_NUMBER_OBJECT_CONVERSION = YES_AGGRESSIVE;
				CLANG_CXX_LANGUAGE_STANDARD = "gnu++20";
				CLANG_ENABLE_MODULES = YES;
				CLANG_ENABLE_OBJC_ARC = YES;
				CLANG_ENABLE_OBJC_WEAK = YES;
				CLANG_WARN_BLOCK_CAPTURE_AUTORELEASING = YES;
				CLANG_WARN_BOOL_CONVERSION = YES;
				CLANG_WARN_COMMA = YES;
				CLANG_WARN_CONSTANT_CONVERSION = YES;
				CLANG_WARN_DEPRECATED_OBJC_IMPLEMENTATIONS = YES;
				CLANG_WARN_DIRECT_OBJC_ISA_USAGE = YES_ERROR;
				CLANG_WARN_DOCUMENTATION_COMMENTS = YES;
				CLANG_WARN_EMPTY_BODY = YES;
				CLANG_WARN_ENUM_CONVERSION = YES;
				CLANG_WARN_INFINITE_RECURSION = YES;
				CLANG_WARN_INT_CONVERSION = YES;
				CLANG_WARN_NON_LITERAL_NULL_CONVERSION = YES;
				CLANG_WARN_OBJC_IMPLICIT_RETAIN_SELF = YES;
				CLANG_WARN_OBJC_LITERAL_CONVERSION = YES;
				CLANG_WARN_OBJC_ROOT_CLASS = YES_ERROR;
				CLANG_WARN_QUOTED_INCLUDE_IN_FRAMEWORK_HEADER = YES;
				CLANG_WARN_RANGE_LOOP_ANALYSIS = YES;
				CLANG_WARN_STRICT_PROTOTYPES = YES;
				CLANG_WARN_SUSPICIOUS_MOVE = YES;
				CLANG_WARN_UNGUARDED_AVAILABILITY = YES_AGGRESSIVE;
				CLANG_WARN_UNREACHABLE_CODE = YES;
				CLANG_WARN__DUPLICATE_METHOD_MATCH = YES;
				COPY_PHASE_STRIP = NO;
				DEBUG_INFORMATION_FORMAT = dwarf;
				ENABLE_STRICT_OBJC_MSGSEND = YES;
				ENABLE_TESTABILITY = YES;
				ENABLE_USER_SCRIPT_SANDBOXING = YES;
				GCC_C_LANGUAGE_STANDARD = gnu17;
				GCC_DYNAMIC_NO_PIC = NO;
				GCC_NO_COMMON_BLOCKS = YES;
				GCC_OPTIMIZATION_LEVEL = 0;
				GCC_PREPROCESSOR_DEFINITIONS = (
					"DEBUG=1",
					"$(inherited)",
				);
				GCC_WARN_64_TO_32_BIT_CONVERSION = YES;
				GCC_WARN_ABOUT_RETURN_TYPE = YES_ERROR;
				GCC_WARN_UNDECLARED_SELECTOR = YES;
				GCC_WARN_UNINITIALIZED_AUTOS = YES_AGGRESSIVE;
				GCC_WARN_UNUSED_FUNCTION = YES;
				GCC_WARN_UNUSED_VARIABLE = YES;
				IPHONEOS_DEPLOYMENT_TARGET = 18.0;
				LOCALIZATION_PREFERS_STRING_CATALOGS = YES;
				MTL_ENABLE_DEBUG_INFO = INCLUDE_SOURCE;
				MTL_FAST_MATH = YES;
				ONLY_ACTIVE_ARCH = YES;
				SDKROOT = iphoneos;
				SWIFT_ACTIVE_COMPILATION_CONDITIONS = "DEBUG $(inherited)";
				SWIFT_OPTIMIZATION_LEVEL = "-Onone";
			};
			name = Debug;
		};
		AB719F4C2D366373006DD1C0 /* Release */ = {
			isa = XCBuildConfiguration;
			buildSettings = {
				ALWAYS_SEARCH_USER_PATHS = NO;
				ASSETCATALOG_COMPILER_GENERATE_SWIFT_ASSET_SYMBOL_EXTENSIONS = YES;
				CLANG_ANALYZER_NONNULL = YES;
				CLANG_ANALYZER_NUMBER_OBJECT_CONVERSION = YES_AGGRESSIVE;
				CLANG_CXX_LANGUAGE_STANDARD = "gnu++20";
				CLANG_ENABLE_MODULES = YES;
				CLANG_ENABLE_OBJC_ARC = YES;
				CLANG_ENABLE_OBJC_WEAK = YES;
				CLANG_WARN_BLOCK_CAPTURE_AUTORELEASING = YES;
				CLANG_WARN_BOOL_CONVERSION = YES;
				CLANG_WARN_COMMA = YES;
				CLANG_WARN_CONSTANT_CONVERSION = YES;
				CLANG_WARN_DEPRECATED_OBJC_IMPLEMENTATIONS = YES;
				CLANG_WARN_DIRECT_OBJC_ISA_USAGE = YES_ERROR;
				CLANG_WARN_DOCUMENTATION_COMMENTS = YES;
				CLANG_WARN_EMPTY_BODY = YES;
				CLANG_WARN_ENUM_CONVERSION = YES;
				CLANG_WARN_INFINITE_RECURSION = YES;
				CLANG_WARN_INT_CONVERSION = YES;
				CLANG_WARN_NON_LITERAL_NULL_CONVERSION = YES;
				CLANG_WARN_OBJC_IMPLICIT_RETAIN_SELF = YES;
				CLANG_WARN_OBJC_LITERAL_CONVERSION = YES;
				CLANG_WARN_OBJC_ROOT_CLASS = YES_ERROR;
				CLANG_WARN_QUOTED_INCLUDE_IN_FRAMEWORK_HEADER = YES;
				CLANG_WARN_RANGE_LOOP_ANALYSIS = YES;
				CLANG_WARN_STRICT_PROTOTYPES = YES;
				CLANG_WARN_SUSPICIOUS_MOVE = YES;
				CLANG_WARN_UNGUARDED_AVAILABILITY = YES_AGGRESSIVE;
				CLANG_WARN_UNREACHABLE_CODE = YES;
				CLANG_WARN__DUPLICATE_METHOD_MATCH = YES;
				COPY_PHASE_STRIP = NO;
				DEBUG_INFORMATION_FORMAT = "dwarf-with-dsym";
				ENABLE_NS_ASSERTIONS = NO;
				ENABLE_STRICT_OBJC_MSGSEND = YES;
				ENABLE_USER_SCRIPT_SANDBOXING = YES;
				GCC_C_LANGUAGE_STANDARD = gnu17;
				GCC_NO_COMMON_BLOCKS = YES;
				GCC_WARN_64_TO_32_BIT_CONVERSION = YES;
				GCC_WARN_ABOUT_RETURN_TYPE = YES_ERROR;
				GCC_WARN_UNDECLARED_SELECTOR = YES;
				GCC_WARN_UNINITIALIZED_AUTOS = YES_AGGRESSIVE;
				GCC_WARN_UNUSED_FUNCTION = YES;
				GCC_WARN_UNUSED_VARIABLE = YES;
				IPHONEOS_DEPLOYMENT_TARGET = 18.0;
				LOCALIZATION_PREFERS_STRING_CATALOGS = YES;
				MTL_ENABLE_DEBUG_INFO = NO;
				MTL_FAST_MATH = YES;
				SDKROOT = iphoneos;
				SWIFT_COMPILATION_MODE = wholemodule;
				VALIDATE_PRODUCT = YES;
			};
			name = Release;
		};
		AB719F4E2D366373006DD1C0 /* Debug */ = {
			isa = XCBuildConfiguration;
			baseConfigurationReference = 81BC52F8AEABE1EE10E0ED6F /* Pods-Sttptech_energy.debug.xcconfig */;
			buildSettings = {
				ASSETCATALOG_COMPILER_APPICON_NAME = AppIcon;
				ASSETCATALOG_COMPILER_GLOBAL_ACCENT_COLOR_NAME = AccentColor;
				ASSETCATALOG_COMPILER_INCLUDE_ALL_APPICON_ASSETS = NO;
				CODE_SIGN_ENTITLEMENTS = Sttptech_energy/Sttptech_energy.entitlements;
				CODE_SIGN_STYLE = Automatic;
				CURRENT_PROJECT_VERSION = 7;
				DEVELOPMENT_ASSET_PATHS = "\"Sttptech_energy/Preview Content\"";
				DEVELOPMENT_TEAM = 856VG2FXU5;
				ENABLE_PREVIEWS = YES;
				GENERATE_INFOPLIST_FILE = YES;
				INFOPLIST_FILE = "Sttptech-energy-Info.plist";
				INFOPLIST_KEY_CFBundleDisplayName = "智慧家電管理";
				INFOPLIST_KEY_LSApplicationCategoryType = "";
				INFOPLIST_KEY_NSBluetoothAlwaysUsageDescription = "此應用程式需要使用藍牙來連接和通訊";
				INFOPLIST_KEY_NSCameraUsageDescription = "我們需要使用您的相機來掃描 Wi-Fi QR Code";
				INFOPLIST_KEY_NSLocalNetworkUsageDescription = "此應用程式需要存取本地網路以連接設備";
				INFOPLIST_KEY_NSLocationAlwaysAndWhenInUseUsageDescription = "我們需要您允許位置權限以搜尋附近的 Wi-Fi 網路";
				INFOPLIST_KEY_NSLocationAlwaysUsageDescription = "此應用程式需要存取您的位置以連接 Wi-Fi";
				INFOPLIST_KEY_NSLocationWhenInUseUsageDescription = "需要 Wi-Fi 權限以連接裝置";
				INFOPLIST_KEY_UIApplicationSceneManifest_Generation = YES;
				INFOPLIST_KEY_UIApplicationSupportsIndirectInputEvents = YES;
				INFOPLIST_KEY_UILaunchScreen_Generation = YES;
				INFOPLIST_KEY_UISupportedInterfaceOrientations_iPad = "UIInterfaceOrientationPortrait UIInterfaceOrientationPortraitUpsideDown UIInterfaceOrientationLandscapeLeft UIInterfaceOrientationLandscapeRight";
				INFOPLIST_KEY_UISupportedInterfaceOrientations_iPhone = "UIInterfaceOrientationPortrait UIInterfaceOrientationLandscapeLeft UIInterfaceOrientationLandscapeRight";
				IPHONEOS_DEPLOYMENT_TARGET = 18.0;
				LD_RUNPATH_SEARCH_PATHS = (
					"$(inherited)",
					"@executable_path/Frameworks",
				);
				MARKETING_VERSION = 2.3;
				PRODUCT_BUNDLE_IDENTIFIER = com.chuang.aiotTool;
				PRODUCT_NAME = "$(TARGET_NAME)";
				SUPPORTED_PLATFORMS = "iphoneos iphonesimulator";
				SUPPORTS_MACCATALYST = NO;
				SUPPORTS_MAC_DESIGNED_FOR_IPHONE_IPAD = NO;
				SUPPORTS_XR_DESIGNED_FOR_IPHONE_IPAD = NO;
				SWIFT_EMIT_LOC_STRINGS = YES;
				SWIFT_VERSION = 5.0;
				TARGETED_DEVICE_FAMILY = 1;
			};
			name = Debug;
		};
		AB719F4F2D366373006DD1C0 /* Release */ = {
			isa = XCBuildConfiguration;
			baseConfigurationReference = 615CC581ADFCC3F10CEBAC74 /* Pods-Sttptech_energy.release.xcconfig */;
			buildSettings = {
				ASSETCATALOG_COMPILER_APPICON_NAME = AppIcon;
				ASSETCATALOG_COMPILER_GLOBAL_ACCENT_COLOR_NAME = AccentColor;
				ASSETCATALOG_COMPILER_INCLUDE_ALL_APPICON_ASSETS = NO;
				CODE_SIGN_ENTITLEMENTS = Sttptech_energy/Sttptech_energy.entitlements;
				CODE_SIGN_STYLE = Automatic;
				CURRENT_PROJECT_VERSION = 7;
				DEVELOPMENT_ASSET_PATHS = "\"Sttptech_energy/Preview Content\"";
				DEVELOPMENT_TEAM = 856VG2FXU5;
				ENABLE_PREVIEWS = YES;
				GENERATE_INFOPLIST_FILE = YES;
				INFOPLIST_FILE = "Sttptech-energy-Info.plist";
				INFOPLIST_KEY_CFBundleDisplayName = "智慧家電管理";
				INFOPLIST_KEY_LSApplicationCategoryType = "";
				INFOPLIST_KEY_NSBluetoothAlwaysUsageDescription = "此應用程式需要使用藍牙來連接和通訊";
				INFOPLIST_KEY_NSCameraUsageDescription = "我們需要使用您的相機來掃描 Wi-Fi QR Code";
				INFOPLIST_KEY_NSLocalNetworkUsageDescription = "此應用程式需要存取本地網路以連接設備";
				INFOPLIST_KEY_NSLocationAlwaysAndWhenInUseUsageDescription = "我們需要您允許位置權限以搜尋附近的 Wi-Fi 網路";
				INFOPLIST_KEY_NSLocationAlwaysUsageDescription = "此應用程式需要存取您的位置以連接 Wi-Fi";
				INFOPLIST_KEY_NSLocationWhenInUseUsageDescription = "需要 Wi-Fi 權限以連接裝置";
				INFOPLIST_KEY_UIApplicationSceneManifest_Generation = YES;
				INFOPLIST_KEY_UIApplicationSupportsIndirectInputEvents = YES;
				INFOPLIST_KEY_UILaunchScreen_Generation = YES;
				INFOPLIST_KEY_UISupportedInterfaceOrientations_iPad = "UIInterfaceOrientationPortrait UIInterfaceOrientationPortraitUpsideDown UIInterfaceOrientationLandscapeLeft UIInterfaceOrientationLandscapeRight";
				INFOPLIST_KEY_UISupportedInterfaceOrientations_iPhone = "UIInterfaceOrientationPortrait UIInterfaceOrientationLandscapeLeft UIInterfaceOrientationLandscapeRight";
				IPHONEOS_DEPLOYMENT_TARGET = 18.0;
				LD_RUNPATH_SEARCH_PATHS = (
					"$(inherited)",
					"@executable_path/Frameworks",
				);
				MARKETING_VERSION = 2.3;
				PRODUCT_BUNDLE_IDENTIFIER = com.chuang.aiotTool;
				PRODUCT_NAME = "$(TARGET_NAME)";
				SUPPORTED_PLATFORMS = "iphoneos iphonesimulator";
				SUPPORTS_MACCATALYST = NO;
				SUPPORTS_MAC_DESIGNED_FOR_IPHONE_IPAD = NO;
				SUPPORTS_XR_DESIGNED_FOR_IPHONE_IPAD = NO;
				SWIFT_EMIT_LOC_STRINGS = YES;
				SWIFT_VERSION = 5.0;
				TARGETED_DEVICE_FAMILY = 1;
			};
			name = Release;
		};
		AB719F512D366373006DD1C0 /* Debug */ = {
			isa = XCBuildConfiguration;
			baseConfigurationReference = D9F4941D2741FA341A8F90A9 /* Pods-Sttptech_energyTests.debug.xcconfig */;
			buildSettings = {
				BUNDLE_LOADER = "$(TEST_HOST)";
				CODE_SIGN_STYLE = Automatic;
				CURRENT_PROJECT_VERSION = 1;
				DEVELOPMENT_TEAM = 856VG2FXU5;
				GENERATE_INFOPLIST_FILE = YES;
				IPHONEOS_DEPLOYMENT_TARGET = 18.2;
				MARKETING_VERSION = 1.0;
				PRODUCT_BUNDLE_IDENTIFIER = "William.Sttptech-energyTests";
				PRODUCT_NAME = "$(TARGET_NAME)";
				SWIFT_EMIT_LOC_STRINGS = NO;
				SWIFT_VERSION = 5.0;
				TARGETED_DEVICE_FAMILY = "1,2";
				TEST_HOST = "$(BUILT_PRODUCTS_DIR)/Sttptech_energy.app/$(BUNDLE_EXECUTABLE_FOLDER_PATH)/Sttptech_energy";
			};
			name = Debug;
		};
		AB719F522D366373006DD1C0 /* Release */ = {
			isa = XCBuildConfiguration;
			baseConfigurationReference = D79F2254AFA8E37A0A4B9A8D /* Pods-Sttptech_energyTests.release.xcconfig */;
			buildSettings = {
				BUNDLE_LOADER = "$(TEST_HOST)";
				CODE_SIGN_STYLE = Automatic;
				CURRENT_PROJECT_VERSION = 1;
				DEVELOPMENT_TEAM = 856VG2FXU5;
				GENERATE_INFOPLIST_FILE = YES;
				IPHONEOS_DEPLOYMENT_TARGET = 18.2;
				MARKETING_VERSION = 1.0;
				PRODUCT_BUNDLE_IDENTIFIER = "William.Sttptech-energyTests";
				PRODUCT_NAME = "$(TARGET_NAME)";
				SWIFT_EMIT_LOC_STRINGS = NO;
				SWIFT_VERSION = 5.0;
				TARGETED_DEVICE_FAMILY = "1,2";
				TEST_HOST = "$(BUILT_PRODUCTS_DIR)/Sttptech_energy.app/$(BUNDLE_EXECUTABLE_FOLDER_PATH)/Sttptech_energy";
			};
			name = Release;
		};
		AB719F542D366373006DD1C0 /* Debug */ = {
			isa = XCBuildConfiguration;
			baseConfigurationReference = 8587082825B5D7806506EB17 /* Pods-Sttptech_energy-Sttptech_energyUITests.debug.xcconfig */;
			buildSettings = {
				CODE_SIGN_STYLE = Automatic;
				CURRENT_PROJECT_VERSION = 1;
				DEVELOPMENT_TEAM = 856VG2FXU5;
				GENERATE_INFOPLIST_FILE = YES;
				MARKETING_VERSION = 1.0;
				PRODUCT_BUNDLE_IDENTIFIER = "William.Sttptech-energyUITests";
				PRODUCT_NAME = "$(TARGET_NAME)";
				SWIFT_EMIT_LOC_STRINGS = NO;
				SWIFT_VERSION = 5.0;
				TARGETED_DEVICE_FAMILY = "1,2";
				TEST_TARGET_NAME = Sttptech_energy;
			};
			name = Debug;
		};
		AB719F552D366373006DD1C0 /* Release */ = {
			isa = XCBuildConfiguration;
			baseConfigurationReference = ECE89BE5585E4C53AF985F05 /* Pods-Sttptech_energy-Sttptech_energyUITests.release.xcconfig */;
			buildSettings = {
				CODE_SIGN_STYLE = Automatic;
				CURRENT_PROJECT_VERSION = 1;
				DEVELOPMENT_TEAM = 856VG2FXU5;
				GENERATE_INFOPLIST_FILE = YES;
				MARKETING_VERSION = 1.0;
				PRODUCT_BUNDLE_IDENTIFIER = "William.Sttptech-energyUITests";
				PRODUCT_NAME = "$(TARGET_NAME)";
				SWIFT_EMIT_LOC_STRINGS = NO;
				SWIFT_VERSION = 5.0;
				TARGETED_DEVICE_FAMILY = "1,2";
				TEST_TARGET_NAME = Sttptech_energy;
			};
			name = Release;
		};
/* End XCBuildConfiguration section */

/* Begin XCConfigurationList section */
		AB719F242D36636E006DD1C0 /* Build configuration list for PBXProject "Sttptech_energy" */ = {
			isa = XCConfigurationList;
			buildConfigurations = (
				AB719F4B2D366373006DD1C0 /* Debug */,
				AB719F4C2D366373006DD1C0 /* Release */,
			);
			defaultConfigurationIsVisible = 0;
			defaultConfigurationName = Release;
		};
		AB719F4D2D366373006DD1C0 /* Build configuration list for PBXNativeTarget "Sttptech_energy" */ = {
			isa = XCConfigurationList;
			buildConfigurations = (
				AB719F4E2D366373006DD1C0 /* Debug */,
				AB719F4F2D366373006DD1C0 /* Release */,
			);
			defaultConfigurationIsVisible = 0;
			defaultConfigurationName = Release;
		};
		AB719F502D366373006DD1C0 /* Build configuration list for PBXNativeTarget "Sttptech_energyTests" */ = {
			isa = XCConfigurationList;
			buildConfigurations = (
				AB719F512D366373006DD1C0 /* Debug */,
				AB719F522D366373006DD1C0 /* Release */,
			);
			defaultConfigurationIsVisible = 0;
			defaultConfigurationName = Release;
		};
		AB719F532D366373006DD1C0 /* Build configuration list for PBXNativeTarget "Sttptech_energyUITests" */ = {
			isa = XCConfigurationList;
			buildConfigurations = (
				AB719F542D366373006DD1C0 /* Debug */,
				AB719F552D366373006DD1C0 /* Release */,
			);
			defaultConfigurationIsVisible = 0;
			defaultConfigurationName = Release;
		};
/* End XCConfigurationList section */
	};
	rootObject = AB719F212D36636E006DD1C0 /* Project object */;
}
